// !$*UTF8*$!
{
	archiveVersion = 1;
	classes = {
	};
	objectVersion = 50;
	objects = {

/* Begin PBXBuildFile section */
		A262B0B224B0A08600EE1233 /* AppDelegate.swift in Sources */ = {isa = PBXBuildFile; fileRef = A262B0B124B0A08600EE1233 /* AppDelegate.swift */; };
		A262B0B424B0A08600EE1233 /* SceneDelegate.swift in Sources */ = {isa = PBXBuildFile; fileRef = A262B0B324B0A08600EE1233 /* SceneDelegate.swift */; };
		A262B0B624B0A08600EE1233 /* ViewController.swift in Sources */ = {isa = PBXBuildFile; fileRef = A262B0B524B0A08600EE1233 /* ViewController.swift */; };
		A262B0B924B0A08600EE1233 /* Main.storyboard in Resources */ = {isa = PBXBuildFile; fileRef = A262B0B724B0A08600EE1233 /* Main.storyboard */; };
		A262B0BB24B0A08900EE1233 /* Assets.xcassets in Resources */ = {isa = PBXBuildFile; fileRef = A262B0BA24B0A08900EE1233 /* Assets.xcassets */; };
		A262B0BE24B0A08900EE1233 /* LaunchScreen.storyboard in Resources */ = {isa = PBXBuildFile; fileRef = A262B0BC24B0A08900EE1233 /* LaunchScreen.storyboard */; };
		A26BE54024B19BC300C853F9 /* PomodoroViewController.swift in Sources */ = {isa = PBXBuildFile; fileRef = A26BE53F24B19BC300C853F9 /* PomodoroViewController.swift */; };
		A26BE54224B1E54700C853F9 /* alarm_sound.mp3 in Resources */ = {isa = PBXBuildFile; fileRef = A26BE54124B1E54700C853F9 /* alarm_sound.mp3 */; };
/* End PBXBuildFile section */

/* Begin PBXFileReference section */
		A262B0AE24B0A08600EE1233 /* PomodoroApp.app */ = {isa = PBXFileReference; explicitFileType = wrapper.application; includeInIndex = 0; path = PomodoroApp.app; sourceTree = BUILT_PRODUCTS_DIR; };
		A262B0B124B0A08600EE1233 /* AppDelegate.swift */ = {isa = PBXFileReference; lastKnownFileType = sourcecode.swift; path = AppDelegate.swift; sourceTree = "<group>"; };
		A262B0B324B0A08600EE1233 /* SceneDelegate.swift */ = {isa = PBXFileReference; lastKnownFileType = sourcecode.swift; path = SceneDelegate.swift; sourceTree = "<group>"; };
		A262B0B524B0A08600EE1233 /* ViewController.swift */ = {isa = PBXFileReference; lastKnownFileType = sourcecode.swift; path = ViewController.swift; sourceTree = "<group>"; };
		A262B0B824B0A08600EE1233 /* Base */ = {isa = PBXFileReference; lastKnownFileType = file.storyboard; name = Base; path = Base.lproj/Main.storyboard; sourceTree = "<group>"; };
		A262B0BA24B0A08900EE1233 /* Assets.xcassets */ = {isa = PBXFileReference; lastKnownFileType = folder.assetcatalog; path = Assets.xcassets; sourceTree = "<group>"; };
		A262B0BD24B0A08900EE1233 /* Base */ = {isa = PBXFileReference; lastKnownFileType = file.storyboard; name = Base; path = Base.lproj/LaunchScreen.storyboard; sourceTree = "<group>"; };
		A262B0BF24B0A08900EE1233 /* Info.plist */ = {isa = PBXFileReference; lastKnownFileType = text.plist.xml; path = Info.plist; sourceTree = "<group>"; };
		A26BE53F24B19BC300C853F9 /* PomodoroViewController.swift */ = {isa = PBXFileReference; lastKnownFileType = sourcecode.swift; path = PomodoroViewController.swift; sourceTree = "<group>"; };
		A26BE54124B1E54700C853F9 /* alarm_sound.mp3 */ = {isa = PBXFileReference; lastKnownFileType = audio.mp3; path = alarm_sound.mp3; sourceTree = "<group>"; };
/* End PBXFileReference section */

/* Begin PBXFrameworksBuildPhase section */
		A262B0AB24B0A08600EE1233 /* Frameworks */ = {
			isa = PBXFrameworksBuildPhase;
			buildActionMask = 2147483647;
			files = (
			);
			runOnlyForDeploymentPostprocessing = 0;
		};
/* End PBXFrameworksBuildPhase section */

/* Begin PBXGroup section */
		A262B0A524B0A08600EE1233 = {
			isa = PBXGroup;
			children = (
				A262B0B024B0A08600EE1233 /* PomodoroApp */,
				A262B0AF24B0A08600EE1233 /* Products */,
			);
			sourceTree = "<group>";
		};
		A262B0AF24B0A08600EE1233 /* Products */ = {
			isa = PBXGroup;
			children = (
				A262B0AE24B0A08600EE1233 /* PomodoroApp.app */,
			);
			name = Products;
			sourceTree = "<group>";
		};
		A262B0B024B0A08600EE1233 /* PomodoroApp */ = {
			isa = PBXGroup;
			children = (
				A262B0B124B0A08600EE1233 /* AppDelegate.swift */,
				A262B0B324B0A08600EE1233 /* SceneDelegate.swift */,
				A26CCF3524EAAF3900E9879E /* View */,
				A26CCF3624EAAF4400E9879E /* Controller */,
				A262B0BA24B0A08900EE1233 /* Assets.xcassets */,
				A26BE54124B1E54700C853F9 /* alarm_sound.mp3 */,
				A262B0BC24B0A08900EE1233 /* LaunchScreen.storyboard */,
				A262B0BF24B0A08900EE1233 /* Info.plist */,
			);
			path = PomodoroApp;
			sourceTree = "<group>";
		};
		A26CCF3524EAAF3900E9879E /* View */ = {
			isa = PBXGroup;
			children = (
				A262B0B724B0A08600EE1233 /* Main.storyboard */,
			);
			path = View;
			sourceTree = "<group>";
		};
		A26CCF3624EAAF4400E9879E /* Controller */ = {
			isa = PBXGroup;
			children = (
				A262B0B524B0A08600EE1233 /* ViewController.swift */,
				A26BE53F24B19BC300C853F9 /* PomodoroViewController.swift */,
			);
			path = Controller;
			sourceTree = "<group>";
		};
/* End PBXGroup section */

/* Begin PBXNativeTarget section */
		A262B0AD24B0A08600EE1233 /* PomodoroApp */ = {
			isa = PBXNativeTarget;
			buildConfigurationList = A262B0C224B0A08900EE1233 /* Build configuration list for PBXNativeTarget "PomodoroApp" */;
			buildPhases = (
				A262B0AA24B0A08600EE1233 /* Sources */,
				A262B0AB24B0A08600EE1233 /* Frameworks */,
				A262B0AC24B0A08600EE1233 /* Resources */,
			);
			buildRules = (
			);
			dependencies = (
			);
			name = PomodoroApp;
			productName = PomodoroApp;
			productReference = A262B0AE24B0A08600EE1233 /* PomodoroApp.app */;
			productType = "com.apple.product-type.application";
		};
/* End PBXNativeTarget section */

/* Begin PBXProject section */
		A262B0A624B0A08600EE1233 /* Project object */ = {
			isa = PBXProject;
			attributes = {
				LastSwiftUpdateCheck = 1140;
				LastUpgradeCheck = 1140;
				ORGANIZATIONNAME = Syimyk;
				TargetAttributes = {
					A262B0AD24B0A08600EE1233 = {
						CreatedOnToolsVersion = 11.4.1;
					};
				};
			};
			buildConfigurationList = A262B0A924B0A08600EE1233 /* Build configuration list for PBXProject "PomodoroApp" */;
			compatibilityVersion = "Xcode 9.3";
			developmentRegion = en;
			hasScannedForEncodings = 0;
			knownRegions = (
				en,
				Base,
			);
			mainGroup = A262B0A524B0A08600EE1233;
			productRefGroup = A262B0AF24B0A08600EE1233 /* Products */;
			projectDirPath = "";
			projectRoot = "";
			targets = (
				A262B0AD24B0A08600EE1233 /* PomodoroApp */,
			);
		};
/* End PBXProject section */

/* Begin PBXResourcesBuildPhase section */
		A262B0AC24B0A08600EE1233 /* Resources */ = {
			isa = PBXResourcesBuildPhase;
			buildActionMask = 2147483647;
			files = (
				A262B0BE24B0A08900EE1233 /* LaunchScreen.storyboard in Resources */,
				A262B0BB24B0A08900EE1233 /* Assets.xcassets in Resources */,
				A26BE54224B1E54700C853F9 /* alarm_sound.mp3 in Resources */,
				A262B0B924B0A08600EE1233 /* Main.storyboard in Resources */,
			);
			runOnlyForDeploymentPostprocessing = 0;
		};
/* End PBXResourcesBuildPhase section */

/* Begin PBXSourcesBuildPhase section */
		A262B0AA24B0A08600EE1233 /* Sources */ = {
			isa = PBXSourcesBuildPhase;
			buildActionMask = 2147483647;
			files = (
				A262B0B624B0A08600EE1233 /* ViewController.swift in Sources */,
				A26BE54024B19BC300C853F9 /* PomodoroViewController.swift in Sources */,
				A262B0B224B0A08600EE1233 /* AppDelegate.swift in Sources */,
				A262B0B424B0A08600EE1233 /* SceneDelegate.swift in Sources */,
			);
			runOnlyForDeploymentPostprocessing = 0;
		};
/* End PBXSourcesBuildPhase section */

/* Begin PBXVariantGroup section */
		A262B0B724B0A08600EE1233 /* Main.storyboard */ = {
			isa = PBXVariantGroup;
			children = (
				A262B0B824B0A08600EE1233 /* Base */,
			);
			name = Main.storyboard;
			sourceTree = "<group>";
		};
		A262B0BC24B0A08900EE1233 /* LaunchScreen.storyboard */ = {
			isa = PBXVariantGroup;
			children = (
				A262B0BD24B0A08900EE1233 /* Base */,
			);
			name = LaunchScreen.storyboard;
			sourceTree = "<group>";
		};
/* End PBXVariantGroup section */

/* Begin XCBuildConfiguration section */
		A262B0C024B0A08900EE1233 /* Debug */ = {
			isa = XCBuildConfiguration;
			buildSettings = {
				ALWAYS_SEARCH_USER_PATHS = NO;
				CLANG_ANALYZER_NONNULL = YES;
				CLANG_ANALYZER_NUMBER_OBJECT_CONVERSION = YES_AGGRESSIVE;
				CLANG_CXX_LANGUAGE_STANDARD = "gnu++14";
				CLANG_CXX_LIBRARY = "libc++";
				CLANG_ENABLE_MODULES = YES;
				CLANG_ENABLE_OBJC_ARC = YES;
				CLANG_ENABLE_OBJC_WEAK = YES;
				CLANG_WARN_BLOCK_CAPTURE_AUTORELEASING = YES;
				CLANG_WARN_BOOL_CONVERSION = YES;
				CLANG_WARN_COMMA = YES;
				CLANG_WARN_CONSTANT_CONVERSION = YES;
				CLANG_WARN_DEPRECATED_OBJC_IMPLEMENTATIONS = YES;
				CLANG_WARN_DIRECT_OBJC_ISA_USAGE = YES_ERROR;
				CLANG_WARN_DOCUMENTATION_COMMENTS = YES;
				CLANG_WARN_EMPTY_BODY = YES;
				CLANG_WARN_ENUM_CONVERSION = YES;
				CLANG_WARN_INFINITE_RECURSION = YES;
				CLANG_WARN_INT_CONVERSION = YES;
				CLANG_WARN_NON_LITERAL_NULL_CONVERSION = YES;
				CLANG_WARN_OBJC_IMPLICIT_RETAIN_SELF = YES;
				CLANG_WARN_OBJC_LITERAL_CONVERSION = YES;
				CLANG_WARN_OBJC_ROOT_CLASS = YES_ERROR;
				CLANG_WARN_RANGE_LOOP_ANALYSIS = YES;
				CLANG_WARN_STRICT_PROTOTYPES = YES;
				CLANG_WARN_SUSPICIOUS_MOVE = YES;
				CLANG_WARN_UNGUARDED_AVAILABILITY = YES_AGGRESSIVE;
				CLANG_WARN_UNREACHABLE_CODE = YES;
				CLANG_WARN__DUPLICATE_METHOD_MATCH = YES;
				COPY_PHASE_STRIP = NO;
				DEBUG_INFORMATION_FORMAT = dwarf;
				ENABLE_STRICT_OBJC_MSGSEND = YES;
				ENABLE_TESTABILITY = YES;
				GCC_C_LANGUAGE_STANDARD = gnu11;
				GCC_DYNAMIC_NO_PIC = NO;
				GCC_NO_COMMON_BLOCKS = YES;
				GCC_OPTIMIZATION_LEVEL = 0;
				GCC_PREPROCESSOR_DEFINITIONS = (
					"DEBUG=1",
					"$(inherited)",
				);
				GCC_WARN_64_TO_32_BIT_CONVERSION = YES;
				GCC_WARN_ABOUT_RETURN_TYPE = YES_ERROR;
				GCC_WARN_UNDECLARED_SELECTOR = YES;
				GCC_WARN_UNINITIALIZED_AUTOS = YES_AGGRESSIVE;
				GCC_WARN_UNUSED_FUNCTION = YES;
				GCC_WARN_UNUSED_VARIABLE = YES;
				IPHONEOS_DEPLOYMENT_TARGET = 13.4;
				MTL_ENABLE_DEBUG_INFO = INCLUDE_SOURCE;
				MTL_FAST_MATH = YES;
				ONLY_ACTIVE_ARCH = YES;
				SDKROOT = iphoneos;
				SWIFT_ACTIVE_COMPILATION_CONDITIONS = DEBUG;
				SWIFT_OPTIMIZATION_LEVEL = "-Onone";
			};
			name = Debug;
		};
		A262B0C124B0A08900EE1233 /* Release */ = {
			isa = XCBuildConfiguration;
			buildSettings = {
				ALWAYS_SEARCH_USER_PATHS = NO;
				CLANG_ANALYZER_NONNULL = YES;
				CLANG_ANALYZER_NUMBER_OBJECT_CONVERSION = YES_AGGRESSIVE;
				CLANG_CXX_LANGUAGE_STANDARD = "gnu++14";
				CLANG_CXX_LIBRARY = "libc++";
				CLANG_ENABLE_MODULES = YES;
				CLANG_ENABLE_OBJC_ARC = YES;
				CLANG_ENABLE_OBJC_WEAK = YES;
				CLANG_WARN_BLOCK_CAPTURE_AUTORELEASING = YES;
				CLANG_WARN_BOOL_CONVERSION = YES;
				CLANG_WARN_COMMA = YES;
				CLANG_WARN_CONSTANT_CONVERSION = YES;
				CLANG_WARN_DEPRECATED_OBJC_IMPLEMENTATIONS = YES;
				CLANG_WARN_DIRECT_OBJC_ISA_USAGE = YES_ERROR;
				CLANG_WARN_DOCUMENTATION_COMMENTS = YES;
				CLANG_WARN_EMPTY_BODY = YES;
				CLANG_WARN_ENUM_CONVERSION = YES;
				CLANG_WARN_INFINITE_RECURSION = YES;
				CLANG_WARN_INT_CONVERSION = YES;
				CLANG_WARN_NON_LITERAL_NULL_CONVERSION = YES;
				CLANG_WARN_OBJC_IMPLICIT_RETAIN_SELF = YES;
				CLANG_WARN_OBJC_LITERAL_CONVERSION = YES;
				CLANG_WARN_OBJC_ROOT_CLASS = YES_ERROR;
				CLANG_WARN_RANGE_LOOP_ANALYSIS = YES;
				CLANG_WARN_STRICT_PROTOTYPES = YES;
				CLANG_WARN_SUSPICIOUS_MOVE = YES;
				CLANG_WARN_UNGUARDED_AVAILABILITY = YES_AGGRESSIVE;
				CLANG_WARN_UNREACHABLE_CODE = YES;
				CLANG_WARN__DUPLICATE_METHOD_MATCH = YES;
				COPY_PHASE_STRIP = NO;
				DEBUG_INFORMATION_FORMAT = "dwarf-with-dsym";
				ENABLE_NS_ASSERTIONS = NO;
				ENABLE_STRICT_OBJC_MSGSEND = YES;
				GCC_C_LANGUAGE_STANDARD = gnu11;
				GCC_NO_COMMON_BLOCKS = YES;
				GCC_WARN_64_TO_32_BIT_CONVERSION = YES;
				GCC_WARN_ABOUT_RETURN_TYPE = YES_ERROR;
				GCC_WARN_UNDECLARED_SELECTOR = YES;
				GCC_WARN_UNINITIALIZED_AUTOS = YES_AGGRESSIVE;
				GCC_WARN_UNUSED_FUNCTION = YES;
				GCC_WARN_UNUSED_VARIABLE = YES;
				IPHONEOS_DEPLOYMENT_TARGET = 13.4;
				MTL_ENABLE_DEBUG_INFO = NO;
				MTL_FAST_MATH = YES;
				SDKROOT = iphoneos;
				SWIFT_COMPILATION_MODE = wholemodule;
				SWIFT_OPTIMIZATION_LEVEL = "-O";
				VALIDATE_PRODUCT = YES;
			};
			name = Release;
		};
		A262B0C324B0A08900EE1233 /* Debug */ = {
			isa = XCBuildConfiguration;
			buildSettings = {
				ASSETCATALOG_COMPILER_APPICON_NAME = AppIcon;
				CODE_SIGN_STYLE = Automatic;
				INFOPLIST_FILE = PomodoroApp/Info.plist;
				LD_RUNPATH_SEARCH_PATHS = (
					"$(inherited)",
					"@executable_path/Frameworks",
				);
				PRODUCT_BUNDLE_IDENTIFIER = co.syimyk.PomodoroApp;
				PRODUCT_NAME = "$(TARGET_NAME)";
				SWIFT_VERSION = 5.0;
				TARGETED_DEVICE_FAMILY = "1,2";
			};
			name = Debug;
		};
		A262B0C424B0A08900EE1233 /* Release */ = {
			isa = XCBuildConfiguration;
			buildSettings = {
				ASSETCATALOG_COMPILER_APPICON_NAME = AppIcon;
				CODE_SIGN_STYLE = Automatic;
				INFOPLIST_FILE = PomodoroApp/Info.plist;
				LD_RUNPATH_SEARCH_PATHS = (
					"$(inherited)",
					"@executable_path/Frameworks",
				);
				PRODUCT_BUNDLE_IDENTIFIER = co.syimyk.PomodoroApp;
				PRODUCT_NAME = "$(TARGET_NAME)";
				SWIFT_VERSION = 5.0;
				TARGETED_DEVICE_FAMILY = "1,2";
			};
			name = Release;
		};
/* End XCBuildConfiguration section */

/* Begin XCConfigurationList section */
		A262B0A924B0A08600EE1233 /* Build configuration list for PBXProject "PomodoroApp" */ = {
			isa = XCConfigurationList;
			buildConfigurations = (
				A262B0C024B0A08900EE1233 /* Debug */,
				A262B0C124B0A08900EE1233 /* Release */,
			);
			defaultConfigurationIsVisible = 0;
			defaultConfigurationName = Release;
		};
		A262B0C224B0A08900EE1233 /* Build configuration list for PBXNativeTarget "PomodoroApp" */ = {
			isa = XCConfigurationList;
			buildConfigurations = (
				A262B0C324B0A08900EE1233 /* Debug */,
				A262B0C424B0A08900EE1233 /* Release */,
			);
			defaultConfigurationIsVisible = 0;
			defaultConfigurationName = Release;
		};
/* End XCConfigurationList section */
	};
	rootObject = A262B0A624B0A08600EE1233 /* Project object */;
}
